// !$*UTF8*$!
{
	archiveVersion = 1;
	classes = {
	};
	objectVersion = 50;
	objects = {

/* Begin PBXBuildFile section */
		FAE5BF32258927AE0019E3B8 /* AppDelegate.swift in Sources */ = {isa = PBXBuildFile; fileRef = FAE5BF31258927AE0019E3B8 /* AppDelegate.swift */; };
		FAE5BF34258927AE0019E3B8 /* SceneDelegate.swift in Sources */ = {isa = PBXBuildFile; fileRef = FAE5BF33258927AE0019E3B8 /* SceneDelegate.swift */; };
		FAE5BF36258927AE0019E3B8 /* ViewController.swift in Sources */ = {isa = PBXBuildFile; fileRef = FAE5BF35258927AE0019E3B8 /* ViewController.swift */; };
		FAE5BF39258927AE0019E3B8 /* Main.storyboard in Resources */ = {isa = PBXBuildFile; fileRef = FAE5BF37258927AE0019E3B8 /* Main.storyboard */; };
		FAE5BF3B258927AF0019E3B8 /* Assets.xcassets in Resources */ = {isa = PBXBuildFile; fileRef = FAE5BF3A258927AF0019E3B8 /* Assets.xcassets */; };
		FAE5BF3E258927AF0019E3B8 /* LaunchScreen.storyboard in Resources */ = {isa = PBXBuildFile; fileRef = FAE5BF3C258927AF0019E3B8 /* LaunchScreen.storyboard */; };
/* End PBXBuildFile section */

/* Begin PBXFileReference section */
		FAE5BF2E258927AE0019E3B8 /* 2fa.app */ = {isa = PBXFileReference; explicitFileType = wrapper.application; includeInIndex = 0; path = 2fa.app; sourceTree = BUILT_PRODUCTS_DIR; };
		FAE5BF31258927AE0019E3B8 /* AppDelegate.swift */ = {isa = PBXFileReference; lastKnownFileType = sourcecode.swift; path = AppDelegate.swift; sourceTree = "<group>"; };
		FAE5BF33258927AE0019E3B8 /* SceneDelegate.swift */ = {isa = PBXFileReference; lastKnownFileType = sourcecode.swift; path = SceneDelegate.swift; sourceTree = "<group>"; };
		FAE5BF35258927AE0019E3B8 /* ViewController.swift */ = {isa = PBXFileReference; lastKnownFileType = sourcecode.swift; path = ViewController.swift; sourceTree = "<group>"; };
		FAE5BF38258927AE0019E3B8 /* Base */ = {isa = PBXFileReference; lastKnownFileType = file.storyboard; name = Base; path = Base.lproj/Main.storyboard; sourceTree = "<group>"; };
		FAE5BF3A258927AF0019E3B8 /* Assets.xcassets */ = {isa = PBXFileReference; lastKnownFileType = folder.assetcatalog; path = Assets.xcassets; sourceTree = "<group>"; };
		FAE5BF3D258927AF0019E3B8 /* Base */ = {isa = PBXFileReference; lastKnownFileType = file.storyboard; name = Base; path = Base.lproj/LaunchScreen.storyboard; sourceTree = "<group>"; };
		FAE5BF3F258927AF0019E3B8 /* Info.plist */ = {isa = PBXFileReference; lastKnownFileType = text.plist.xml; path = Info.plist; sourceTree = "<group>"; };
/* End PBXFileReference section */

/* Begin PBXFrameworksBuildPhase section */
		FAE5BF2B258927AE0019E3B8 /* Frameworks */ = {
			isa = PBXFrameworksBuildPhase;
			buildActionMask = 2147483647;
			files = (
			);
			runOnlyForDeploymentPostprocessing = 0;
		};
/* End PBXFrameworksBuildPhase section */

/* Begin PBXGroup section */
		FAE5BF25258927AE0019E3B8 = {
			isa = PBXGroup;
			children = (
				FAE5BF30258927AE0019E3B8 /* 2fa */,
				FAE5BF2F258927AE0019E3B8 /* Products */,
			);
			sourceTree = "<group>";
		};
		FAE5BF2F258927AE0019E3B8 /* Products */ = {
			isa = PBXGroup;
			children = (
				FAE5BF2E258927AE0019E3B8 /* 2fa.app */,
			);
			name = Products;
			sourceTree = "<group>";
		};
		FAE5BF30258927AE0019E3B8 /* 2fa */ = {
			isa = PBXGroup;
			children = (
				FAE5BF31258927AE0019E3B8 /* AppDelegate.swift */,
				FAE5BF33258927AE0019E3B8 /* SceneDelegate.swift */,
				FAE5BF35258927AE0019E3B8 /* ViewController.swift */,
				FAE5BF37258927AE0019E3B8 /* Main.storyboard */,
				FAE5BF3A258927AF0019E3B8 /* Assets.xcassets */,
				FAE5BF3C258927AF0019E3B8 /* LaunchScreen.storyboard */,
				FAE5BF3F258927AF0019E3B8 /* Info.plist */,
			);
			path = 2fa;
			sourceTree = "<group>";
		};
/* End PBXGroup section */

/* Begin PBXNativeTarget section */
		FAE5BF2D258927AE0019E3B8 /* 2fa */ = {
			isa = PBXNativeTarget;
			buildConfigurationList = FAE5BF42258927AF0019E3B8 /* Build configuration list for PBXNativeTarget "2fa" */;
			buildPhases = (
				FAE5BF2A258927AE0019E3B8 /* Sources */,
				FAE5BF2B258927AE0019E3B8 /* Frameworks */,
				FAE5BF2C258927AE0019E3B8 /* Resources */,
			);
			buildRules = (
			);
			dependencies = (
			);
			name = 2fa;
			productName = 2fa;
			productReference = FAE5BF2E258927AE0019E3B8 /* 2fa.app */;
			productType = "com.apple.product-type.application";
		};
/* End PBXNativeTarget section */

/* Begin PBXProject section */
		FAE5BF26258927AE0019E3B8 /* Project object */ = {
			isa = PBXProject;
			attributes = {
				LastSwiftUpdateCheck = 1230;
				LastUpgradeCheck = 1230;
				TargetAttributes = {
					FAE5BF2D258927AE0019E3B8 = {
						CreatedOnToolsVersion = 12.3;
					};
				};
			};
			buildConfigurationList = FAE5BF29258927AE0019E3B8 /* Build configuration list for PBXProject "2fa" */;
			compatibilityVersion = "Xcode 9.3";
			developmentRegion = en;
			hasScannedForEncodings = 0;
			knownRegions = (
				en,
				Base,
			);
			mainGroup = FAE5BF25258927AE0019E3B8;
			productRefGroup = FAE5BF2F258927AE0019E3B8 /* Products */;
			projectDirPath = "";
			projectRoot = "";
			targets = (
				FAE5BF2D258927AE0019E3B8 /* 2fa */,
			);
		};
/* End PBXProject section */

/* Begin PBXResourcesBuildPhase section */
		FAE5BF2C258927AE0019E3B8 /* Resources */ = {
			isa = PBXResourcesBuildPhase;
			buildActionMask = 2147483647;
			files = (
				FAE5BF3E258927AF0019E3B8 /* LaunchScreen.storyboard in Resources */,
				FAE5BF3B258927AF0019E3B8 /* Assets.xcassets in Resources */,
				FAE5BF39258927AE0019E3B8 /* Main.storyboard in Resources */,
			);
			runOnlyForDeploymentPostprocessing = 0;
		};
/* End PBXResourcesBuildPhase section */

/* Begin PBXSourcesBuildPhase section */
		FAE5BF2A258927AE0019E3B8 /* Sources */ = {
			isa = PBXSourcesBuildPhase;
			buildActionMask = 2147483647;
			files = (
				FAE5BF36258927AE0019E3B8 /* ViewController.swift in Sources */,
				FAE5BF32258927AE0019E3B8 /* AppDelegate.swift in Sources */,
				FAE5BF34258927AE0019E3B8 /* SceneDelegate.swift in Sources */,
			);
			runOnlyForDeploymentPostprocessing = 0;
		};
/* End PBXSourcesBuildPhase section */

/* Begin PBXVariantGroup section */
		FAE5BF37258927AE0019E3B8 /* Main.storyboard */ = {
			isa = PBXVariantGroup;
			children = (
				FAE5BF38258927AE0019E3B8 /* Base */,
			);
			name = Main.storyboard;
			sourceTree = "<group>";
		};
		FAE5BF3C258927AF0019E3B8 /* LaunchScreen.storyboard */ = {
			isa = PBXVariantGroup;
			children = (
				FAE5BF3D258927AF0019E3B8 /* Base */,
			);
			name = LaunchScreen.storyboard;
			sourceTree = "<group>";
		};
/* End PBXVariantGroup section */

/* Begin XCBuildConfiguration section */
		FAE5BF40258927AF0019E3B8 /* Debug */ = {
			isa = XCBuildConfiguration;
			buildSettings = {
				ALWAYS_SEARCH_USER_PATHS = NO;
				CLANG_ANALYZER_NONNULL = YES;
				CLANG_ANALYZER_NUMBER_OBJECT_CONVERSION = YES_AGGRESSIVE;
				CLANG_CXX_LANGUAGE_STANDARD = "gnu++14";
				CLANG_CXX_LIBRARY = "libc++";
				CLANG_ENABLE_MODULES = YES;
				CLANG_ENABLE_OBJC_ARC = YES;
				CLANG_ENABLE_OBJC_WEAK = YES;
				CLANG_WARN_BLOCK_CAPTURE_AUTORELEASING = YES;
				CLANG_WARN_BOOL_CONVERSION = YES;
				CLANG_WARN_COMMA = YES;
				CLANG_WARN_CONSTANT_CONVERSION = YES;
				CLANG_WARN_DEPRECATED_OBJC_IMPLEMENTATIONS = YES;
				CLANG_WARN_DIRECT_OBJC_ISA_USAGE = YES_ERROR;
				CLANG_WARN_DOCUMENTATION_COMMENTS = YES;
				CLANG_WARN_EMPTY_BODY = YES;
				CLANG_WARN_ENUM_CONVERSION = YES;
				CLANG_WARN_INFINITE_RECURSION = YES;
				CLANG_WARN_INT_CONVERSION = YES;
				CLANG_WARN_NON_LITERAL_NULL_CONVERSION = YES;
				CLANG_WARN_OBJC_IMPLICIT_RETAIN_SELF = YES;
				CLANG_WARN_OBJC_LITERAL_CONVERSION = YES;
				CLANG_WARN_OBJC_ROOT_CLASS = YES_ERROR;
				CLANG_WARN_QUOTED_INCLUDE_IN_FRAMEWORK_HEADER = YES;
				CLANG_WARN_RANGE_LOOP_ANALYSIS = YES;
				CLANG_WARN_STRICT_PROTOTYPES = YES;
				CLANG_WARN_SUSPICIOUS_MOVE = YES;
				CLANG_WARN_UNGUARDED_AVAILABILITY = YES_AGGRESSIVE;
				CLANG_WARN_UNREACHABLE_CODE = YES;
				CLANG_WARN__DUPLICATE_METHOD_MATCH = YES;
				COPY_PHASE_STRIP = NO;
				DEBUG_INFORMATION_FORMAT = dwarf;
				ENABLE_STRICT_OBJC_MSGSEND = YES;
				ENABLE_TESTABILITY = YES;
				GCC_C_LANGUAGE_STANDARD = gnu11;
				GCC_DYNAMIC_NO_PIC = NO;
				GCC_NO_COMMON_BLOCKS = YES;
				GCC_OPTIMIZATION_LEVEL = 0;
				GCC_PREPROCESSOR_DEFINITIONS = (
					"DEBUG=1",
					"$(inherited)",
				);
				GCC_WARN_64_TO_32_BIT_CONVERSION = YES;
				GCC_WARN_ABOUT_RETURN_TYPE = YES_ERROR;
				GCC_WARN_UNDECLARED_SELECTOR = YES;
				GCC_WARN_UNINITIALIZED_AUTOS = YES_AGGRESSIVE;
				GCC_WARN_UNUSED_FUNCTION = YES;
				GCC_WARN_UNUSED_VARIABLE = YES;
				IPHONEOS_DEPLOYMENT_TARGET = 14.3;
				MTL_ENABLE_DEBUG_INFO = INCLUDE_SOURCE;
				MTL_FAST_MATH = YES;
				ONLY_ACTIVE_ARCH = YES;
				SDKROOT = iphoneos;
				SWIFT_ACTIVE_COMPILATION_CONDITIONS = DEBUG;
				SWIFT_OPTIMIZATION_LEVEL = "-Onone";
			};
			name = Debug;
		};
		FAE5BF41258927AF0019E3B8 /* Release */ = {
			isa = XCBuildConfiguration;
			buildSettings = {
				ALWAYS_SEARCH_USER_PATHS = NO;
				CLANG_ANALYZER_NONNULL = YES;
				CLANG_ANALYZER_NUMBER_OBJECT_CONVERSION = YES_AGGRESSIVE;
				CLANG_CXX_LANGUAGE_STANDARD = "gnu++14";
				CLANG_CXX_LIBRARY = "libc++";
				CLANG_ENABLE_MODULES = YES;
				CLANG_ENABLE_OBJC_ARC = YES;
				CLANG_ENABLE_OBJC_WEAK = YES;
				CLANG_WARN_BLOCK_CAPTURE_AUTORELEASING = YES;
				CLANG_WARN_BOOL_CONVERSION = YES;
				CLANG_WARN_COMMA = YES;
				CLANG_WARN_CONSTANT_CONVERSION = YES;
				CLANG_WARN_DEPRECATED_OBJC_IMPLEMENTATIONS = YES;
				CLANG_WARN_DIRECT_OBJC_ISA_USAGE = YES_ERROR;
				CLANG_WARN_DOCUMENTATION_COMMENTS = YES;
				CLANG_WARN_EMPTY_BODY = YES;
				CLANG_WARN_ENUM_CONVERSION = YES;
				CLANG_WARN_INFINITE_RECURSION = YES;
				CLANG_WARN_INT_CONVERSION = YES;
				CLANG_WARN_NON_LITERAL_NULL_CONVERSION = YES;
				CLANG_WARN_OBJC_IMPLICIT_RETAIN_SELF = YES;
				CLANG_WARN_OBJC_LITERAL_CONVERSION = YES;
				CLANG_WARN_OBJC_ROOT_CLASS = YES_ERROR;
				CLANG_WARN_QUOTED_INCLUDE_IN_FRAMEWORK_HEADER = YES;
				CLANG_WARN_RANGE_LOOP_ANALYSIS = YES;
				CLANG_WARN_STRICT_PROTOTYPES = YES;
				CLANG_WARN_SUSPICIOUS_MOVE = YES;
				CLANG_WARN_UNGUARDED_AVAILABILITY = YES_AGGRESSIVE;
				CLANG_WARN_UNREACHABLE_CODE = YES;
				CLANG_WARN__DUPLICATE_METHOD_MATCH = YES;
				COPY_PHASE_STRIP = NO;
				DEBUG_INFORMATION_FORMAT = "dwarf-with-dsym";
				ENABLE_NS_ASSERTIONS = NO;
				ENABLE_STRICT_OBJC_MSGSEND = YES;
				GCC_C_LANGUAGE_STANDARD = gnu11;
				GCC_NO_COMMON_BLOCKS = YES;
				GCC_WARN_64_TO_32_BIT_CONVERSION = YES;
				GCC_WARN_ABOUT_RETURN_TYPE = YES_ERROR;
				GCC_WARN_UNDECLARED_SELECTOR = YES;
				GCC_WARN_UNINITIALIZED_AUTOS = YES_AGGRESSIVE;
				GCC_WARN_UNUSED_FUNCTION = YES;
				GCC_WARN_UNUSED_VARIABLE = YES;
				IPHONEOS_DEPLOYMENT_TARGET = 14.3;
				MTL_ENABLE_DEBUG_INFO = NO;
				MTL_FAST_MATH = YES;
				SDKROOT = iphoneos;
				SWIFT_COMPILATION_MODE = wholemodule;
				SWIFT_OPTIMIZATION_LEVEL = "-O";
				VALIDATE_PRODUCT = YES;
			};
			name = Release;
		};
		FAE5BF43258927AF0019E3B8 /* Debug */ = {
			isa = XCBuildConfiguration;
			buildSettings = {
				ASSETCATALOG_COMPILER_APPICON_NAME = AppIcon;
				ASSETCATALOG_COMPILER_GLOBAL_ACCENT_COLOR_NAME = AccentColor;
				CODE_SIGN_STYLE = Automatic;
				DEVELOPMENT_TEAM = 7632RSU672;
				INFOPLIST_FILE = 2fa/Info.plist;
				LD_RUNPATH_SEARCH_PATHS = (
					"$(inherited)",
					"@executable_path/Frameworks",
				);
				PRODUCT_BUNDLE_IDENTIFIER = "com.horuzhiy.test.-fa";
				PRODUCT_NAME = "$(TARGET_NAME)";
				SWIFT_VERSION = 5.0;
				TARGETED_DEVICE_FAMILY = "1,2";
			};
			name = Debug;
		};
		FAE5BF44258927AF0019E3B8 /* Release */ = {
			isa = XCBuildConfiguration;
			buildSettings = {
				ASSETCATALOG_COMPILER_APPICON_NAME = AppIcon;
				ASSETCATALOG_COMPILER_GLOBAL_ACCENT_COLOR_NAME = AccentColor;
				CODE_SIGN_STYLE = Automatic;
				DEVELOPMENT_TEAM = 7632RSU672;
				INFOPLIST_FILE = 2fa/Info.plist;
				LD_RUNPATH_SEARCH_PATHS = (
					"$(inherited)",
					"@executable_path/Frameworks",
				);
				PRODUCT_BUNDLE_IDENTIFIER = "com.horuzhiy.test.-fa";
				PRODUCT_NAME = "$(TARGET_NAME)";
				SWIFT_VERSION = 5.0;
				TARGETED_DEVICE_FAMILY = "1,2";
			};
			name = Release;
		};
/* End XCBuildConfiguration section */

/* Begin XCConfigurationList section */
		FAE5BF29258927AE0019E3B8 /* Build configuration list for PBXProject "2fa" */ = {
			isa = XCConfigurationList;
			buildConfigurations = (
				FAE5BF40258927AF0019E3B8 /* Debug */,
				FAE5BF41258927AF0019E3B8 /* Release */,
			);
			defaultConfigurationIsVisible = 0;
			defaultConfigurationName = Release;
		};
		FAE5BF42258927AF0019E3B8 /* Build configuration list for PBXNativeTarget "2fa" */ = {
			isa = XCConfigurationList;
			buildConfigurations = (
				FAE5BF43258927AF0019E3B8 /* Debug */,
				FAE5BF44258927AF0019E3B8 /* Release */,
			);
			defaultConfigurationIsVisible = 0;
			defaultConfigurationName = Release;
		};
/* End XCConfigurationList section */
	};
	rootObject = FAE5BF26258927AE0019E3B8 /* Project object */;
}
